
Microsoft Visual Studio Solution File, Format Version 12.00
# Visual Studio Version 16
VisualStudioVersion = 16.0.30907.101
MinimumVisualStudioVersion = 10.0.40219.1
Project("{D2ABAB84-BF74-430A-B69E-9DC6D40DDA17}") = "SSASProje61", "SSASProje61\SSASProje61.dwproj", "{E2182CF2-1F67-4995-8326-FA80AE8B7B59}"
EndProject
Global
	GlobalSection(SolutionConfigurationPlatforms) = preSolution
		Development|Default = Development|Default
	EndGlobalSection
	GlobalSection(ProjectConfigurationPlatforms) = postSolution
		{E2182CF2-1F67-4995-8326-FA80AE8B7B59}.Development|Default.ActiveCfg = Development
		{E2182CF2-1F67-4995-8326-FA80AE8B7B59}.Development|Default.Build.0 = Development
		{E2182CF2-1F67-4995-8326-FA80AE8B7B59}.Development|Default.Deploy.0 = Development
	EndGlobalSection
	GlobalSection(SolutionProperties) = preSolution
		HideSolutionNode = FALSE
	EndGlobalSection
	GlobalSection(ExtensibilityGlobals) = postSolution
		SolutionGuid = {6B86333C-ED70-4C9C-8537-56C7D99E2E30}
	EndGlobalSection
EndGlobal
